{
  "name": "claude-nook",
  "version": "0.2.1",
  "lockfileVersion": 3,
  "requires": true,
  "packages": {
    "": {
      "name": "claude-nook",
      "version": "0.2.1",
      "license": "MIT",
      "bin": {
        "claude-nook": "bin/claude-nook.mjs"
      },
      "engines": {
        "node": ">=18.0.0"
      }
    }
  }
}
